
Microsoft Visual Studio Solution File, Format Version 12.00
# Visual Studio 14
VisualStudioVersion = 14.0.25420.1
MinimumVisualStudioVersion = 10.0.40219.1
Project("{D954291E-2A0B-460D-934E-DC6B0785DB48}") = "Xenartrhas", "Xenartrhas\Xenartrhas\Xenartrhas.shproj", "{F692F930-6FE9-44AA-AD04-E5BA789B319A}"
EndProject
Project("{FAE04EC0-301F-11D3-BF4B-00C04F79EFBC}") = "Xenartrhas.Android", "Xenartrhas\Xenartrhas.Android\Xenartrhas.Android.csproj", "{44B9C941-56D2-4C77-8942-21AD6F89A4D3}"
EndProject
Project("{FAE04EC0-301F-11D3-BF4B-00C04F79EFBC}") = "Xenartrhas.iOS", "Xenartrhas\Xenartrhas.iOS\Xenartrhas.iOS.csproj", "{5634398D-F1CC-45CE-A60C-E00852938E7B}"
EndProject
Project("{FAE04EC0-301F-11D3-BF4B-00C04F79EFBC}") = "Xenartrhas.UWP", "Xenartrhas\Xenartrhas.UWP\Xenartrhas.UWP.csproj", "{5EBC1A7E-DCC2-41B9-9658-7D846AADD109}"
EndProject
Global
	GlobalSection(SharedMSBuildProjectFiles) = preSolution
		Xenartrhas\Xenartrhas\Xenartrhas.projitems*{44b9c941-56d2-4c77-8942-21ad6f89a4d3}*SharedItemsImports = 4
		Xenartrhas\Xenartrhas\Xenartrhas.projitems*{5634398d-f1cc-45ce-a60c-e00852938e7b}*SharedItemsImports = 4
		Xenartrhas\Xenartrhas\Xenartrhas.projitems*{5ebc1a7e-dcc2-41b9-9658-7d846aadd109}*SharedItemsImports = 4
		Xenartrhas\Xenartrhas\Xenartrhas.projitems*{f692f930-6fe9-44aa-ad04-e5ba789b319a}*SharedItemsImports = 13
	EndGlobalSection
	GlobalSection(SolutionConfigurationPlatforms) = preSolution
		Ad-Hoc|Any CPU = Ad-Hoc|Any CPU
		Ad-Hoc|ARM = Ad-Hoc|ARM
		Ad-Hoc|iPhone = Ad-Hoc|iPhone
		Ad-Hoc|iPhoneSimulator = Ad-Hoc|iPhoneSimulator
		Ad-Hoc|x64 = Ad-Hoc|x64
		Ad-Hoc|x86 = Ad-Hoc|x86
		AppStore|Any CPU = AppStore|Any CPU
		AppStore|ARM = AppStore|ARM
		AppStore|iPhone = AppStore|iPhone
		AppStore|iPhoneSimulator = AppStore|iPhoneSimulator
		AppStore|x64 = AppStore|x64
		AppStore|x86 = AppStore|x86
		Debug|Any CPU = Debug|Any CPU
		Debug|ARM = Debug|ARM
		Debug|iPhone = Debug|iPhone
		Debug|iPhoneSimulator = Debug|iPhoneSimulator
		Debug|x64 = Debug|x64
		Debug|x86 = Debug|x86
		Release|Any CPU = Release|Any CPU
		Release|ARM = Release|ARM
		Release|iPhone = Release|iPhone
		Release|iPhoneSimulator = Release|iPhoneSimulator
		Release|x64 = Release|x64
		Release|x86 = Release|x86
	EndGlobalSection
	GlobalSection(ProjectConfigurationPlatforms) = postSolution
		{44B9C941-56D2-4C77-8942-21AD6F89A4D3}.Ad-Hoc|Any CPU.ActiveCfg = Release|Any CPU
		{44B9C941-56D2-4C77-8942-21AD6F89A4D3}.Ad-Hoc|Any CPU.Build.0 = Release|Any CPU
		{44B9C941-56D2-4C77-8942-21AD6F89A4D3}.Ad-Hoc|Any CPU.Deploy.0 = Release|Any CPU
		{44B9C941-56D2-4C77-8942-21AD6F89A4D3}.Ad-Hoc|ARM.ActiveCfg = Release|Any CPU
		{44B9C941-56D2-4C77-8942-21AD6F89A4D3}.Ad-Hoc|ARM.Build.0 = Release|Any CPU
		{44B9C941-56D2-4C77-8942-21AD6F89A4D3}.Ad-Hoc|ARM.Deploy.0 = Release|Any CPU
		{44B9C941-56D2-4C77-8942-21AD6F89A4D3}.Ad-Hoc|iPhone.ActiveCfg = Release|Any CPU
		{44B9C941-56D2-4C77-8942-21AD6F89A4D3}.Ad-Hoc|iPhone.Build.0 = Release|Any CPU
		{44B9C941-56D2-4C77-8942-21AD6F89A4D3}.Ad-Hoc|iPhone.Deploy.0 = Release|Any CPU
		{44B9C941-56D2-4C77-8942-21AD6F89A4D3}.Ad-Hoc|iPhoneSimulator.ActiveCfg = Release|Any CPU
		{44B9C941-56D2-4C77-8942-21AD6F89A4D3}.Ad-Hoc|iPhoneSimulator.Build.0 = Release|Any CPU
		{44B9C941-56D2-4C77-8942-21AD6F89A4D3}.Ad-Hoc|iPhoneSimulator.Deploy.0 = Release|Any CPU
		{44B9C941-56D2-4C77-8942-21AD6F89A4D3}.Ad-Hoc|x64.ActiveCfg = Release|Any CPU
		{44B9C941-56D2-4C77-8942-21AD6F89A4D3}.Ad-Hoc|x64.Build.0 = Release|Any CPU
		{44B9C941-56D2-4C77-8942-21AD6F89A4D3}.Ad-Hoc|x64.Deploy.0 = Release|Any CPU
		{44B9C941-56D2-4C77-8942-21AD6F89A4D3}.Ad-Hoc|x86.ActiveCfg = Release|Any CPU
		{44B9C941-56D2-4C77-8942-21AD6F89A4D3}.Ad-Hoc|x86.Build.0 = Release|Any CPU
		{44B9C941-56D2-4C77-8942-21AD6F89A4D3}.Ad-Hoc|x86.Deploy.0 = Release|Any CPU
		{44B9C941-56D2-4C77-8942-21AD6F89A4D3}.AppStore|Any CPU.ActiveCfg = Release|Any CPU
		{44B9C941-56D2-4C77-8942-21AD6F89A4D3}.AppStore|Any CPU.Build.0 = Release|Any CPU
		{44B9C941-56D2-4C77-8942-21AD6F89A4D3}.AppStore|Any CPU.Deploy.0 = Release|Any CPU
		{44B9C941-56D2-4C77-8942-21AD6F89A4D3}.AppStore|ARM.ActiveCfg = Release|Any CPU
		{44B9C941-56D2-4C77-8942-21AD6F89A4D3}.AppStore|ARM.Build.0 = Release|Any CPU
		{44B9C941-56D2-4C77-8942-21AD6F89A4D3}.AppStore|ARM.Deploy.0 = Release|Any CPU
		{44B9C941-56D2-4C77-8942-21AD6F89A4D3}.AppStore|iPhone.ActiveCfg = Release|Any CPU
		{44B9C941-56D2-4C77-8942-21AD6F89A4D3}.AppStore|iPhone.Build.0 = Release|Any CPU
		{44B9C941-56D2-4C77-8942-21AD6F89A4D3}.AppStore|iPhone.Deploy.0 = Release|Any CPU
		{44B9C941-56D2-4C77-8942-21AD6F89A4D3}.AppStore|iPhoneSimulator.ActiveCfg = Release|Any CPU
		{44B9C941-56D2-4C77-8942-21AD6F89A4D3}.AppStore|iPhoneSimulator.Build.0 = Release|Any CPU
		{44B9C941-56D2-4C77-8942-21AD6F89A4D3}.AppStore|iPhoneSimulator.Deploy.0 = Release|Any CPU
		{44B9C941-56D2-4C77-8942-21AD6F89A4D3}.AppStore|x64.ActiveCfg = Release|Any CPU
		{44B9C941-56D2-4C77-8942-21AD6F89A4D3}.AppStore|x64.Build.0 = Release|Any CPU
		{44B9C941-56D2-4C77-8942-21AD6F89A4D3}.AppStore|x64.Deploy.0 = Release|Any CPU
		{44B9C941-56D2-4C77-8942-21AD6F89A4D3}.AppStore|x86.ActiveCfg = Release|Any CPU
		{44B9C941-56D2-4C77-8942-21AD6F89A4D3}.AppStore|x86.Build.0 = Release|Any CPU
		{44B9C941-56D2-4C77-8942-21AD6F89A4D3}.AppStore|x86.Deploy.0 = Release|Any CPU
		{44B9C941-56D2-4C77-8942-21AD6F89A4D3}.Debug|Any CPU.ActiveCfg = Debug|Any CPU
		{44B9C941-56D2-4C77-8942-21AD6F89A4D3}.Debug|Any CPU.Build.0 = Debug|Any CPU
		{44B9C941-56D2-4C77-8942-21AD6F89A4D3}.Debug|Any CPU.Deploy.0 = Debug|Any CPU
		{44B9C941-56D2-4C77-8942-21AD6F89A4D3}.Debug|ARM.ActiveCfg = Debug|Any CPU
		{44B9C941-56D2-4C77-8942-21AD6F89A4D3}.Debug|ARM.Build.0 = Debug|Any CPU
		{44B9C941-56D2-4C77-8942-21AD6F89A4D3}.Debug|ARM.Deploy.0 = Debug|Any CPU
		{44B9C941-56D2-4C77-8942-21AD6F89A4D3}.Debug|iPhone.ActiveCfg = Debug|Any CPU
		{44B9C941-56D2-4C77-8942-21AD6F89A4D3}.Debug|iPhone.Build.0 = Debug|Any CPU
		{44B9C941-56D2-4C77-8942-21AD6F89A4D3}.Debug|iPhone.Deploy.0 = Debug|Any CPU
		{44B9C941-56D2-4C77-8942-21AD6F89A4D3}.Debug|iPhoneSimulator.ActiveCfg = Debug|Any CPU
		{44B9C941-56D2-4C77-8942-21AD6F89A4D3}.Debug|iPhoneSimulator.Build.0 = Debug|Any CPU
		{44B9C941-56D2-4C77-8942-21AD6F89A4D3}.Debug|iPhoneSimulator.Deploy.0 = Debug|Any CPU
		{44B9C941-56D2-4C77-8942-21AD6F89A4D3}.Debug|x64.ActiveCfg = Debug|Any CPU
		{44B9C941-56D2-4C77-8942-21AD6F89A4D3}.Debug|x64.Build.0 = Debug|Any CPU
		{44B9C941-56D2-4C77-8942-21AD6F89A4D3}.Debug|x64.Deploy.0 = Debug|Any CPU
		{44B9C941-56D2-4C77-8942-21AD6F89A4D3}.Debug|x86.ActiveCfg = Debug|Any CPU
		{44B9C941-56D2-4C77-8942-21AD6F89A4D3}.Debug|x86.Build.0 = Debug|Any CPU
		{44B9C941-56D2-4C77-8942-21AD6F89A4D3}.Debug|x86.Deploy.0 = Debug|Any CPU
		{44B9C941-56D2-4C77-8942-21AD6F89A4D3}.Release|Any CPU.ActiveCfg = Release|Any CPU
		{44B9C941-56D2-4C77-8942-21AD6F89A4D3}.Release|Any CPU.Build.0 = Release|Any CPU
		{44B9C941-56D2-4C77-8942-21AD6F89A4D3}.Release|Any CPU.Deploy.0 = Release|Any CPU
		{44B9C941-56D2-4C77-8942-21AD6F89A4D3}.Release|ARM.ActiveCfg = Release|Any CPU
		{44B9C941-56D2-4C77-8942-21AD6F89A4D3}.Release|ARM.Build.0 = Release|Any CPU
		{44B9C941-56D2-4C77-8942-21AD6F89A4D3}.Release|ARM.Deploy.0 = Release|Any CPU
		{44B9C941-56D2-4C77-8942-21AD6F89A4D3}.Release|iPhone.ActiveCfg = Release|Any CPU
		{44B9C941-56D2-4C77-8942-21AD6F89A4D3}.Release|iPhone.Build.0 = Release|Any CPU
		{44B9C941-56D2-4C77-8942-21AD6F89A4D3}.Release|iPhone.Deploy.0 = Release|Any CPU
		{44B9C941-56D2-4C77-8942-21AD6F89A4D3}.Release|iPhoneSimulator.ActiveCfg = Release|Any CPU
		{44B9C941-56D2-4C77-8942-21AD6F89A4D3}.Release|iPhoneSimulator.Build.0 = Release|Any CPU
		{44B9C941-56D2-4C77-8942-21AD6F89A4D3}.Release|iPhoneSimulator.Deploy.0 = Release|Any CPU
		{44B9C941-56D2-4C77-8942-21AD6F89A4D3}.Release|x64.ActiveCfg = Release|Any CPU
		{44B9C941-56D2-4C77-8942-21AD6F89A4D3}.Release|x64.Build.0 = Release|Any CPU
		{44B9C941-56D2-4C77-8942-21AD6F89A4D3}.Release|x64.Deploy.0 = Release|Any CPU
		{44B9C941-56D2-4C77-8942-21AD6F89A4D3}.Release|x86.ActiveCfg = Release|Any CPU
		{44B9C941-56D2-4C77-8942-21AD6F89A4D3}.Release|x86.Build.0 = Release|Any CPU
		{44B9C941-56D2-4C77-8942-21AD6F89A4D3}.Release|x86.Deploy.0 = Release|Any CPU
		{5634398D-F1CC-45CE-A60C-E00852938E7B}.Ad-Hoc|Any CPU.ActiveCfg = Ad-Hoc|iPhone
		{5634398D-F1CC-45CE-A60C-E00852938E7B}.Ad-Hoc|ARM.ActiveCfg = Ad-Hoc|iPhone
		{5634398D-F1CC-45CE-A60C-E00852938E7B}.Ad-Hoc|iPhone.ActiveCfg = Ad-Hoc|iPhone
		{5634398D-F1CC-45CE-A60C-E00852938E7B}.Ad-Hoc|iPhone.Build.0 = Ad-Hoc|iPhone
		{5634398D-F1CC-45CE-A60C-E00852938E7B}.Ad-Hoc|iPhoneSimulator.ActiveCfg = Ad-Hoc|iPhoneSimulator
		{5634398D-F1CC-45CE-A60C-E00852938E7B}.Ad-Hoc|iPhoneSimulator.Build.0 = Ad-Hoc|iPhoneSimulator
		{5634398D-F1CC-45CE-A60C-E00852938E7B}.Ad-Hoc|x64.ActiveCfg = Ad-Hoc|iPhone
		{5634398D-F1CC-45CE-A60C-E00852938E7B}.Ad-Hoc|x86.ActiveCfg = Ad-Hoc|iPhone
		{5634398D-F1CC-45CE-A60C-E00852938E7B}.AppStore|Any CPU.ActiveCfg = AppStore|iPhone
		{5634398D-F1CC-45CE-A60C-E00852938E7B}.AppStore|ARM.ActiveCfg = AppStore|iPhone
		{5634398D-F1CC-45CE-A60C-E00852938E7B}.AppStore|iPhone.ActiveCfg = AppStore|iPhone
		{5634398D-F1CC-45CE-A60C-E00852938E7B}.AppStore|iPhone.Build.0 = AppStore|iPhone
		{5634398D-F1CC-45CE-A60C-E00852938E7B}.AppStore|iPhoneSimulator.ActiveCfg = AppStore|iPhoneSimulator
		{5634398D-F1CC-45CE-A60C-E00852938E7B}.AppStore|iPhoneSimulator.Build.0 = AppStore|iPhoneSimulator
		{5634398D-F1CC-45CE-A60C-E00852938E7B}.AppStore|x64.ActiveCfg = AppStore|iPhone
		{5634398D-F1CC-45CE-A60C-E00852938E7B}.AppStore|x86.ActiveCfg = AppStore|iPhone
		{5634398D-F1CC-45CE-A60C-E00852938E7B}.Debug|Any CPU.ActiveCfg = Debug|iPhone
		{5634398D-F1CC-45CE-A60C-E00852938E7B}.Debug|ARM.ActiveCfg = Debug|iPhone
		{5634398D-F1CC-45CE-A60C-E00852938E7B}.Debug|iPhone.ActiveCfg = Debug|iPhone
		{5634398D-F1CC-45CE-A60C-E00852938E7B}.Debug|iPhone.Build.0 = Debug|iPhone
		{5634398D-F1CC-45CE-A60C-E00852938E7B}.Debug|iPhoneSimulator.ActiveCfg = Debug|iPhoneSimulator
		{5634398D-F1CC-45CE-A60C-E00852938E7B}.Debug|iPhoneSimulator.Build.0 = Debug|iPhoneSimulator
		{5634398D-F1CC-45CE-A60C-E00852938E7B}.Debug|x64.ActiveCfg = Debug|iPhone
		{5634398D-F1CC-45CE-A60C-E00852938E7B}.Debug|x86.ActiveCfg = Debug|iPhone
		{5634398D-F1CC-45CE-A60C-E00852938E7B}.Release|Any CPU.ActiveCfg = Release|iPhone
		{5634398D-F1CC-45CE-A60C-E00852938E7B}.Release|ARM.ActiveCfg = Release|iPhone
		{5634398D-F1CC-45CE-A60C-E00852938E7B}.Release|iPhone.ActiveCfg = Release|iPhone
		{5634398D-F1CC-45CE-A60C-E00852938E7B}.Release|iPhone.Build.0 = Release|iPhone
		{5634398D-F1CC-45CE-A60C-E00852938E7B}.Release|iPhoneSimulator.ActiveCfg = Release|iPhoneSimulator
		{5634398D-F1CC-45CE-A60C-E00852938E7B}.Release|iPhoneSimulator.Build.0 = Release|iPhoneSimulator
		{5634398D-F1CC-45CE-A60C-E00852938E7B}.Release|x64.ActiveCfg = Release|iPhone
		{5634398D-F1CC-45CE-A60C-E00852938E7B}.Release|x86.ActiveCfg = Release|iPhone
		{5EBC1A7E-DCC2-41B9-9658-7D846AADD109}.Ad-Hoc|Any CPU.ActiveCfg = Release|x86
		{5EBC1A7E-DCC2-41B9-9658-7D846AADD109}.Ad-Hoc|Any CPU.Build.0 = Release|x86
		{5EBC1A7E-DCC2-41B9-9658-7D846AADD109}.Ad-Hoc|Any CPU.Deploy.0 = Release|x86
		{5EBC1A7E-DCC2-41B9-9658-7D846AADD109}.Ad-Hoc|ARM.ActiveCfg = Release|ARM
		{5EBC1A7E-DCC2-41B9-9658-7D846AADD109}.Ad-Hoc|ARM.Build.0 = Release|ARM
		{5EBC1A7E-DCC2-41B9-9658-7D846AADD109}.Ad-Hoc|ARM.Deploy.0 = Release|ARM
		{5EBC1A7E-DCC2-41B9-9658-7D846AADD109}.Ad-Hoc|iPhone.ActiveCfg = Release|x86
		{5EBC1A7E-DCC2-41B9-9658-7D846AADD109}.Ad-Hoc|iPhone.Build.0 = Release|x86
		{5EBC1A7E-DCC2-41B9-9658-7D846AADD109}.Ad-Hoc|iPhone.Deploy.0 = Release|x86
		{5EBC1A7E-DCC2-41B9-9658-7D846AADD109}.Ad-Hoc|iPhoneSimulator.ActiveCfg = Release|x86
		{5EBC1A7E-DCC2-41B9-9658-7D846AADD109}.Ad-Hoc|iPhoneSimulator.Build.0 = Release|x86
		{5EBC1A7E-DCC2-41B9-9658-7D846AADD109}.Ad-Hoc|iPhoneSimulator.Deploy.0 = Release|x86
		{5EBC1A7E-DCC2-41B9-9658-7D846AADD109}.Ad-Hoc|x64.ActiveCfg = Release|x64
		{5EBC1A7E-DCC2-41B9-9658-7D846AADD109}.Ad-Hoc|x64.Build.0 = Release|x64
		{5EBC1A7E-DCC2-41B9-9658-7D846AADD109}.Ad-Hoc|x64.Deploy.0 = Release|x64
		{5EBC1A7E-DCC2-41B9-9658-7D846AADD109}.Ad-Hoc|x86.ActiveCfg = Release|x86
		{5EBC1A7E-DCC2-41B9-9658-7D846AADD109}.Ad-Hoc|x86.Build.0 = Release|x86
		{5EBC1A7E-DCC2-41B9-9658-7D846AADD109}.Ad-Hoc|x86.Deploy.0 = Release|x86
		{5EBC1A7E-DCC2-41B9-9658-7D846AADD109}.AppStore|Any CPU.ActiveCfg = Release|x86
		{5EBC1A7E-DCC2-41B9-9658-7D846AADD109}.AppStore|Any CPU.Build.0 = Release|x86
		{5EBC1A7E-DCC2-41B9-9658-7D846AADD109}.AppStore|Any CPU.Deploy.0 = Release|x86
		{5EBC1A7E-DCC2-41B9-9658-7D846AADD109}.AppStore|ARM.ActiveCfg = Release|ARM
		{5EBC1A7E-DCC2-41B9-9658-7D846AADD109}.AppStore|ARM.Build.0 = Release|ARM
		{5EBC1A7E-DCC2-41B9-9658-7D846AADD109}.AppStore|ARM.Deploy.0 = Release|ARM
		{5EBC1A7E-DCC2-41B9-9658-7D846AADD109}.AppStore|iPhone.ActiveCfg = Release|x86
		{5EBC1A7E-DCC2-41B9-9658-7D846AADD109}.AppStore|iPhone.Build.0 = Release|x86
		{5EBC1A7E-DCC2-41B9-9658-7D846AADD109}.AppStore|iPhone.Deploy.0 = Release|x86
		{5EBC1A7E-DCC2-41B9-9658-7D846AADD109}.AppStore|iPhoneSimulator.ActiveCfg = Release|x86
		{5EBC1A7E-DCC2-41B9-9658-7D846AADD109}.AppStore|iPhoneSimulator.Build.0 = Release|x86
		{5EBC1A7E-DCC2-41B9-9658-7D846AADD109}.AppStore|iPhoneSimulator.Deploy.0 = Release|x86
		{5EBC1A7E-DCC2-41B9-9658-7D846AADD109}.AppStore|x64.ActiveCfg = Release|x64
		{5EBC1A7E-DCC2-41B9-9658-7D846AADD109}.AppStore|x64.Build.0 = Release|x64
		{5EBC1A7E-DCC2-41B9-9658-7D846AADD109}.AppStore|x64.Deploy.0 = Release|x64
		{5EBC1A7E-DCC2-41B9-9658-7D846AADD109}.AppStore|x86.ActiveCfg = Release|x86
		{5EBC1A7E-DCC2-41B9-9658-7D846AADD109}.AppStore|x86.Build.0 = Release|x86
		{5EBC1A7E-DCC2-41B9-9658-7D846AADD109}.AppStore|x86.Deploy.0 = Release|x86
		{5EBC1A7E-DCC2-41B9-9658-7D846AADD109}.Debug|Any CPU.ActiveCfg = Debug|x86
		{5EBC1A7E-DCC2-41B9-9658-7D846AADD109}.Debug|ARM.ActiveCfg = Debug|ARM
		{5EBC1A7E-DCC2-41B9-9658-7D846AADD109}.Debug|ARM.Build.0 = Debug|ARM
		{5EBC1A7E-DCC2-41B9-9658-7D846AADD109}.Debug|ARM.Deploy.0 = Debug|ARM
		{5EBC1A7E-DCC2-41B9-9658-7D846AADD109}.Debug|iPhone.ActiveCfg = Debug|x86
		{5EBC1A7E-DCC2-41B9-9658-7D846AADD109}.Debug|iPhoneSimulator.ActiveCfg = Debug|x86
		{5EBC1A7E-DCC2-41B9-9658-7D846AADD109}.Debug|x64.ActiveCfg = Debug|x64
		{5EBC1A7E-DCC2-41B9-9658-7D846AADD109}.Debug|x64.Build.0 = Debug|x64
		{5EBC1A7E-DCC2-41B9-9658-7D846AADD109}.Debug|x64.Deploy.0 = Debug|x64
		{5EBC1A7E-DCC2-41B9-9658-7D846AADD109}.Debug|x86.ActiveCfg = Debug|x86
		{5EBC1A7E-DCC2-41B9-9658-7D846AADD109}.Debug|x86.Build.0 = Debug|x86
		{5EBC1A7E-DCC2-41B9-9658-7D846AADD109}.Debug|x86.Deploy.0 = Debug|x86
		{5EBC1A7E-DCC2-41B9-9658-7D846AADD109}.Release|Any CPU.ActiveCfg = Release|x86
		{5EBC1A7E-DCC2-41B9-9658-7D846AADD109}.Release|ARM.ActiveCfg = Release|ARM
		{5EBC1A7E-DCC2-41B9-9658-7D846AADD109}.Release|ARM.Build.0 = Release|ARM
		{5EBC1A7E-DCC2-41B9-9658-7D846AADD109}.Release|ARM.Deploy.0 = Release|ARM
		{5EBC1A7E-DCC2-41B9-9658-7D846AADD109}.Release|iPhone.ActiveCfg = Release|x86
		{5EBC1A7E-DCC2-41B9-9658-7D846AADD109}.Release|iPhoneSimulator.ActiveCfg = Release|x86
		{5EBC1A7E-DCC2-41B9-9658-7D846AADD109}.Release|x64.ActiveCfg = Release|x64
		{5EBC1A7E-DCC2-41B9-9658-7D846AADD109}.Release|x64.Build.0 = Release|x64
		{5EBC1A7E-DCC2-41B9-9658-7D846AADD109}.Release|x64.Deploy.0 = Release|x64
		{5EBC1A7E-DCC2-41B9-9658-7D846AADD109}.Release|x86.ActiveCfg = Release|x86
		{5EBC1A7E-DCC2-41B9-9658-7D846AADD109}.Release|x86.Build.0 = Release|x86
		{5EBC1A7E-DCC2-41B9-9658-7D846AADD109}.Release|x86.Deploy.0 = Release|x86
	EndGlobalSection
	GlobalSection(SolutionProperties) = preSolution
		HideSolutionNode = FALSE
	EndGlobalSection
EndGlobal
